
Microsoft Visual Studio Solution File, Format Version 12.00
# Visual Studio Version 16
VisualStudioVersion = 16.0.30406.217
MinimumVisualStudioVersion = 10.0.40219.1
Project("{FAE04EC0-301F-11D3-BF4B-00C04F79EFBC}") = "MatchGame", "MatchGame.csproj", "{9C53E771-D15D-4A2C-AAFB-9BC480B6F8DE}"
EndProject
Global
	GlobalSection(SolutionConfigurationPlatforms) = preSolution
		Debug|Any CPU = Debug|Any CPU
		Release|Any CPU = Release|Any CPU
	EndGlobalSection
	GlobalSection(ProjectConfigurationPlatforms) = postSolution
		{9C53E771-D15D-4A2C-AAFB-9BC480B6F8DE}.Debug|Any CPU.ActiveCfg = Debug|Any CPU
		{9C53E771-D15D-4A2C-AAFB-9BC480B6F8DE}.Debug|Any CPU.Build.0 = Debug|Any CPU
		{9C53E771-D15D-4A2C-AAFB-9BC480B6F8DE}.Release|Any CPU.ActiveCfg = Release|Any CPU
		{9C53E771-D15D-4A2C-AAFB-9BC480B6F8DE}.Release|Any CPU.Build.0 = Release|Any CPU
	EndGlobalSection
	GlobalSection(SolutionProperties) = preSolution
		HideSolutionNode = FALSE
	EndGlobalSection
	GlobalSection(ExtensibilityGlobals) = postSolution
		SolutionGuid = {99A1CA71-8D0B-4620-A145-674F95638AA0}
	EndGlobalSection
EndGlobal
